// !$*UTF8*$!
{
	archiveVersion = 1;
	classes = {
	};
	objectVersion = 56;
	objects = {

/* Begin PBXBuildFile section */
		5618E0122B5FB5310033FD8D /* AppDelegate.swift in Sources */ = {isa = PBXBuildFile; fileRef = 5618E0112B5FB5310033FD8D /* AppDelegate.swift */; };
		5618E0142B5FB5310033FD8D /* SceneDelegate.swift in Sources */ = {isa = PBXBuildFile; fileRef = 5618E0132B5FB5310033FD8D /* SceneDelegate.swift */; };
		5618E0162B5FB5310033FD8D /* ViewController.swift in Sources */ = {isa = PBXBuildFile; fileRef = 5618E0152B5FB5310033FD8D /* ViewController.swift */; };
		5618E0192B5FB5310033FD8D /* Main.storyboard in Resources */ = {isa = PBXBuildFile; fileRef = 5618E0172B5FB5310033FD8D /* Main.storyboard */; };
		5618E01B2B5FB5370033FD8D /* Assets.xcassets in Resources */ = {isa = PBXBuildFile; fileRef = 5618E01A2B5FB5370033FD8D /* Assets.xcassets */; };
		5618E01E2B5FB5370033FD8D /* LaunchScreen.storyboard in Resources */ = {isa = PBXBuildFile; fileRef = 5618E01C2B5FB5370033FD8D /* LaunchScreen.storyboard */; };
		5618E0292B5FB5370033FD8D /* Will_you_be_my_valentinesTests.swift in Sources */ = {isa = PBXBuildFile; fileRef = 5618E0282B5FB5370033FD8D /* Will_you_be_my_valentinesTests.swift */; };
		5618E0332B5FB5370033FD8D /* Will_you_be_my_valentinesUITests.swift in Sources */ = {isa = PBXBuildFile; fileRef = 5618E0322B5FB5370033FD8D /* Will_you_be_my_valentinesUITests.swift */; };
		5618E0352B5FB5370033FD8D /* Will_you_be_my_valentinesUITestsLaunchTests.swift in Sources */ = {isa = PBXBuildFile; fileRef = 5618E0342B5FB5370033FD8D /* Will_you_be_my_valentinesUITestsLaunchTests.swift */; };
		5618E0422B5FB99B0033FD8D /* AppEnums.swift in Sources */ = {isa = PBXBuildFile; fileRef = 5618E0412B5FB99B0033FD8D /* AppEnums.swift */; };
		5618E04C2B5FBD200033FD8D /* Inter-Bold.ttf in Resources */ = {isa = PBXBuildFile; fileRef = 5618E04A2B5FBD200033FD8D /* Inter-Bold.ttf */; };
		5618E04D2B5FBD200033FD8D /* Inter-Bold.ttf in Resources */ = {isa = PBXBuildFile; fileRef = 5618E04A2B5FBD200033FD8D /* Inter-Bold.ttf */; };
		5618E04E2B5FBD200033FD8D /* Inter-Bold.ttf in Resources */ = {isa = PBXBuildFile; fileRef = 5618E04A2B5FBD200033FD8D /* Inter-Bold.ttf */; };
		5618E04F2B5FBD200033FD8D /* Inter-ExtraBold.ttf in Resources */ = {isa = PBXBuildFile; fileRef = 5618E04B2B5FBD200033FD8D /* Inter-ExtraBold.ttf */; };
		5618E0502B5FBD200033FD8D /* Inter-ExtraBold.ttf in Resources */ = {isa = PBXBuildFile; fileRef = 5618E04B2B5FBD200033FD8D /* Inter-ExtraBold.ttf */; };
		5618E0512B5FBD200033FD8D /* Inter-ExtraBold.ttf in Resources */ = {isa = PBXBuildFile; fileRef = 5618E04B2B5FBD200033FD8D /* Inter-ExtraBold.ttf */; };
		5618E0542B5FBD270033FD8D /* Inter-SemiBold.ttf in Resources */ = {isa = PBXBuildFile; fileRef = 5618E0522B5FBD270033FD8D /* Inter-SemiBold.ttf */; };
		5618E0552B5FBD270033FD8D /* Inter-SemiBold.ttf in Resources */ = {isa = PBXBuildFile; fileRef = 5618E0522B5FBD270033FD8D /* Inter-SemiBold.ttf */; };
		5618E0562B5FBD270033FD8D /* Inter-SemiBold.ttf in Resources */ = {isa = PBXBuildFile; fileRef = 5618E0522B5FBD270033FD8D /* Inter-SemiBold.ttf */; };
		5618E0572B5FBD270033FD8D /* Inter-Regular.ttf in Resources */ = {isa = PBXBuildFile; fileRef = 5618E0532B5FBD270033FD8D /* Inter-Regular.ttf */; };
		5618E0582B5FBD270033FD8D /* Inter-Regular.ttf in Resources */ = {isa = PBXBuildFile; fileRef = 5618E0532B5FBD270033FD8D /* Inter-Regular.ttf */; };
		5618E0592B5FBD270033FD8D /* Inter-Regular.ttf in Resources */ = {isa = PBXBuildFile; fileRef = 5618E0532B5FBD270033FD8D /* Inter-Regular.ttf */; };
		5618E05B2B5FC0340033FD8D /* LeckerliOne-Regular.ttf in Resources */ = {isa = PBXBuildFile; fileRef = 5618E05A2B5FC0340033FD8D /* LeckerliOne-Regular.ttf */; };
		5618E05C2B5FC0340033FD8D /* LeckerliOne-Regular.ttf in Resources */ = {isa = PBXBuildFile; fileRef = 5618E05A2B5FC0340033FD8D /* LeckerliOne-Regular.ttf */; };
		5618E05D2B5FC0340033FD8D /* LeckerliOne-Regular.ttf in Resources */ = {isa = PBXBuildFile; fileRef = 5618E05A2B5FC0340033FD8D /* LeckerliOne-Regular.ttf */; };
		562DEAD22B6FB2610089BB86 /* GifLoader.swift in Sources */ = {isa = PBXBuildFile; fileRef = 562DEAD12B6FB2610089BB86 /* GifLoader.swift */; };
		562DEAD42B6FB81F0089BB86 /* SecondViewController.swift in Sources */ = {isa = PBXBuildFile; fileRef = 562DEAD32B6FB81F0089BB86 /* SecondViewController.swift */; };
		562DEAE22B6FBA550089BB86 /* cute.gif in Resources */ = {isa = PBXBuildFile; fileRef = 562DEAE12B6FBA550089BB86 /* cute.gif */; };
		562DEAE32B6FBA550089BB86 /* cute.gif in Resources */ = {isa = PBXBuildFile; fileRef = 562DEAE12B6FBA550089BB86 /* cute.gif */; };
		562DEAE42B6FBA550089BB86 /* cute.gif in Resources */ = {isa = PBXBuildFile; fileRef = 562DEAE12B6FBA550089BB86 /* cute.gif */; };
		562DEAE62B6FBB150089BB86 /* swing-grey-cat.gif in Resources */ = {isa = PBXBuildFile; fileRef = 562DEAE52B6FBB150089BB86 /* swing-grey-cat.gif */; };
		562DEAE72B6FBB150089BB86 /* swing-grey-cat.gif in Resources */ = {isa = PBXBuildFile; fileRef = 562DEAE52B6FBB150089BB86 /* swing-grey-cat.gif */; };
		562DEAE82B6FBB150089BB86 /* swing-grey-cat.gif in Resources */ = {isa = PBXBuildFile; fileRef = 562DEAE52B6FBB150089BB86 /* swing-grey-cat.gif */; };
		562DEAEA2B6FBCB90089BB86 /* 8cbb9b70ce1e8f18f721119a064c1c3b.gif in Resources */ = {isa = PBXBuildFile; fileRef = 562DEAE92B6FBCB90089BB86 /* 8cbb9b70ce1e8f18f721119a064c1c3b.gif */; };
		562DEAEB2B6FBCB90089BB86 /* 8cbb9b70ce1e8f18f721119a064c1c3b.gif in Resources */ = {isa = PBXBuildFile; fileRef = 562DEAE92B6FBCB90089BB86 /* 8cbb9b70ce1e8f18f721119a064c1c3b.gif */; };
		562DEAEC2B6FBCB90089BB86 /* 8cbb9b70ce1e8f18f721119a064c1c3b.gif in Resources */ = {isa = PBXBuildFile; fileRef = 562DEAE92B6FBCB90089BB86 /* 8cbb9b70ce1e8f18f721119a064c1c3b.gif */; };
		562DEAEE2B6FBD6A0089BB86 /* 41e74b0f91b7cb7df6b73e34ae8528a4.gif in Resources */ = {isa = PBXBuildFile; fileRef = 562DEAED2B6FBD6A0089BB86 /* 41e74b0f91b7cb7df6b73e34ae8528a4.gif */; };
		562DEAEF2B6FBD6A0089BB86 /* 41e74b0f91b7cb7df6b73e34ae8528a4.gif in Resources */ = {isa = PBXBuildFile; fileRef = 562DEAED2B6FBD6A0089BB86 /* 41e74b0f91b7cb7df6b73e34ae8528a4.gif */; };
		562DEAF02B6FBD6A0089BB86 /* 41e74b0f91b7cb7df6b73e34ae8528a4.gif in Resources */ = {isa = PBXBuildFile; fileRef = 562DEAED2B6FBD6A0089BB86 /* 41e74b0f91b7cb7df6b73e34ae8528a4.gif */; };
		562DEAF22B6FCA860089BB86 /* Lana Del Rey - Say Yes To Heaven (Sped Up) (kazmuz.kz).mp3 in Resources */ = {isa = PBXBuildFile; fileRef = 562DEAF12B6FCA860089BB86 /* Lana Del Rey - Say Yes To Heaven (Sped Up) (kazmuz.kz).mp3 */; };
		562DEAF32B6FCA860089BB86 /* Lana Del Rey - Say Yes To Heaven (Sped Up) (kazmuz.kz).mp3 in Resources */ = {isa = PBXBuildFile; fileRef = 562DEAF12B6FCA860089BB86 /* Lana Del Rey - Say Yes To Heaven (Sped Up) (kazmuz.kz).mp3 */; };
		562DEAF42B6FCA860089BB86 /* Lana Del Rey - Say Yes To Heaven (Sped Up) (kazmuz.kz).mp3 in Resources */ = {isa = PBXBuildFile; fileRef = 562DEAF12B6FCA860089BB86 /* Lana Del Rey - Say Yes To Heaven (Sped Up) (kazmuz.kz).mp3 */; };
		562DEAF62B6FCD740089BB86 /* giphy-2021-gifs-and-clips-animation-itsnicethat-02.gif in Resources */ = {isa = PBXBuildFile; fileRef = 562DEAF52B6FCD740089BB86 /* giphy-2021-gifs-and-clips-animation-itsnicethat-02.gif */; };
		562DEAF72B6FCD740089BB86 /* giphy-2021-gifs-and-clips-animation-itsnicethat-02.gif in Resources */ = {isa = PBXBuildFile; fileRef = 562DEAF52B6FCD740089BB86 /* giphy-2021-gifs-and-clips-animation-itsnicethat-02.gif */; };
		562DEAF82B6FCD740089BB86 /* giphy-2021-gifs-and-clips-animation-itsnicethat-02.gif in Resources */ = {isa = PBXBuildFile; fileRef = 562DEAF52B6FCD740089BB86 /* giphy-2021-gifs-and-clips-animation-itsnicethat-02.gif */; };
		568F97A72B5FDC46007CFF51 /* big-time-rush-boyfriend.mp3 in Resources */ = {isa = PBXBuildFile; fileRef = 568F97A62B5FDC46007CFF51 /* big-time-rush-boyfriend.mp3 */; };
		568F97A92B5FDEA3007CFF51 /* big-time-rush-snoop-dogg-boyfriend.mp3 in Resources */ = {isa = PBXBuildFile; fileRef = 568F97A82B5FDEA3007CFF51 /* big-time-rush-snoop-dogg-boyfriend.mp3 */; };
		56D413DC2B6FAD4D002A182B /* giphy.gif in Resources */ = {isa = PBXBuildFile; fileRef = 56D413DB2B6FAD4D002A182B /* giphy.gif */; };
		56D413DD2B6FAD4D002A182B /* giphy.gif in Resources */ = {isa = PBXBuildFile; fileRef = 56D413DB2B6FAD4D002A182B /* giphy.gif */; };
		56D413DE2B6FAD4D002A182B /* giphy.gif in Resources */ = {isa = PBXBuildFile; fileRef = 56D413DB2B6FAD4D002A182B /* giphy.gif */; };
		56D526EA2B65A883007D8BA7 /* Montserrat-Bold.ttf in Resources */ = {isa = PBXBuildFile; fileRef = 56D526D82B65A882007D8BA7 /* Montserrat-Bold.ttf */; };
		56D526EB2B65A883007D8BA7 /* Montserrat-Bold.ttf in Resources */ = {isa = PBXBuildFile; fileRef = 56D526D82B65A882007D8BA7 /* Montserrat-Bold.ttf */; };
		56D526EC2B65A883007D8BA7 /* Montserrat-Bold.ttf in Resources */ = {isa = PBXBuildFile; fileRef = 56D526D82B65A882007D8BA7 /* Montserrat-Bold.ttf */; };
		56D526ED2B65A883007D8BA7 /* Montserrat-SemiBold.ttf in Resources */ = {isa = PBXBuildFile; fileRef = 56D526D92B65A882007D8BA7 /* Montserrat-SemiBold.ttf */; };
		56D526EE2B65A883007D8BA7 /* Montserrat-SemiBold.ttf in Resources */ = {isa = PBXBuildFile; fileRef = 56D526D92B65A882007D8BA7 /* Montserrat-SemiBold.ttf */; };
		56D526EF2B65A883007D8BA7 /* Montserrat-SemiBold.ttf in Resources */ = {isa = PBXBuildFile; fileRef = 56D526D92B65A882007D8BA7 /* Montserrat-SemiBold.ttf */; };
		56D526F02B65A883007D8BA7 /* Montserrat-SemiBoldItalic.ttf in Resources */ = {isa = PBXBuildFile; fileRef = 56D526DA2B65A882007D8BA7 /* Montserrat-SemiBoldItalic.ttf */; };
		56D526F12B65A883007D8BA7 /* Montserrat-SemiBoldItalic.ttf in Resources */ = {isa = PBXBuildFile; fileRef = 56D526DA2B65A882007D8BA7 /* Montserrat-SemiBoldItalic.ttf */; };
		56D526F22B65A883007D8BA7 /* Montserrat-SemiBoldItalic.ttf in Resources */ = {isa = PBXBuildFile; fileRef = 56D526DA2B65A882007D8BA7 /* Montserrat-SemiBoldItalic.ttf */; };
		56D526F32B65A883007D8BA7 /* Montserrat-ThinItalic.ttf in Resources */ = {isa = PBXBuildFile; fileRef = 56D526DB2B65A882007D8BA7 /* Montserrat-ThinItalic.ttf */; };
		56D526F42B65A883007D8BA7 /* Montserrat-ThinItalic.ttf in Resources */ = {isa = PBXBuildFile; fileRef = 56D526DB2B65A882007D8BA7 /* Montserrat-ThinItalic.ttf */; };
		56D526F52B65A883007D8BA7 /* Montserrat-ThinItalic.ttf in Resources */ = {isa = PBXBuildFile; fileRef = 56D526DB2B65A882007D8BA7 /* Montserrat-ThinItalic.ttf */; };
		56D526F62B65A883007D8BA7 /* Montserrat-ExtraBold.ttf in Resources */ = {isa = PBXBuildFile; fileRef = 56D526DC2B65A882007D8BA7 /* Montserrat-ExtraBold.ttf */; };
		56D526F72B65A883007D8BA7 /* Montserrat-ExtraBold.ttf in Resources */ = {isa = PBXBuildFile; fileRef = 56D526DC2B65A882007D8BA7 /* Montserrat-ExtraBold.ttf */; };
		56D526F82B65A883007D8BA7 /* Montserrat-ExtraBold.ttf in Resources */ = {isa = PBXBuildFile; fileRef = 56D526DC2B65A882007D8BA7 /* Montserrat-ExtraBold.ttf */; };
		56D526F92B65A883007D8BA7 /* Montserrat-BlackItalic.ttf in Resources */ = {isa = PBXBuildFile; fileRef = 56D526DD2B65A882007D8BA7 /* Montserrat-BlackItalic.ttf */; };
		56D526FA2B65A883007D8BA7 /* Montserrat-BlackItalic.ttf in Resources */ = {isa = PBXBuildFile; fileRef = 56D526DD2B65A882007D8BA7 /* Montserrat-BlackItalic.ttf */; };
		56D526FB2B65A883007D8BA7 /* Montserrat-BlackItalic.ttf in Resources */ = {isa = PBXBuildFile; fileRef = 56D526DD2B65A882007D8BA7 /* Montserrat-BlackItalic.ttf */; };
		56D526FC2B65A883007D8BA7 /* Montserrat-BoldItalic.ttf in Resources */ = {isa = PBXBuildFile; fileRef = 56D526DE2B65A882007D8BA7 /* Montserrat-BoldItalic.ttf */; };
		56D526FD2B65A883007D8BA7 /* Montserrat-BoldItalic.ttf in Resources */ = {isa = PBXBuildFile; fileRef = 56D526DE2B65A882007D8BA7 /* Montserrat-BoldItalic.ttf */; };
		56D526FE2B65A883007D8BA7 /* Montserrat-BoldItalic.ttf in Resources */ = {isa = PBXBuildFile; fileRef = 56D526DE2B65A882007D8BA7 /* Montserrat-BoldItalic.ttf */; };
		56D526FF2B65A883007D8BA7 /* Montserrat-ExtraBoldItalic.ttf in Resources */ = {isa = PBXBuildFile; fileRef = 56D526DF2B65A882007D8BA7 /* Montserrat-ExtraBoldItalic.ttf */; };
		56D527002B65A883007D8BA7 /* Montserrat-ExtraBoldItalic.ttf in Resources */ = {isa = PBXBuildFile; fileRef = 56D526DF2B65A882007D8BA7 /* Montserrat-ExtraBoldItalic.ttf */; };
		56D527012B65A883007D8BA7 /* Montserrat-ExtraBoldItalic.ttf in Resources */ = {isa = PBXBuildFile; fileRef = 56D526DF2B65A882007D8BA7 /* Montserrat-ExtraBoldItalic.ttf */; };
		56D527022B65A883007D8BA7 /* Montserrat-ExtraLightItalic.ttf in Resources */ = {isa = PBXBuildFile; fileRef = 56D526E02B65A883007D8BA7 /* Montserrat-ExtraLightItalic.ttf */; };
		56D527032B65A883007D8BA7 /* Montserrat-ExtraLightItalic.ttf in Resources */ = {isa = PBXBuildFile; fileRef = 56D526E02B65A883007D8BA7 /* Montserrat-ExtraLightItalic.ttf */; };
		56D527042B65A883007D8BA7 /* Montserrat-ExtraLightItalic.ttf in Resources */ = {isa = PBXBuildFile; fileRef = 56D526E02B65A883007D8BA7 /* Montserrat-ExtraLightItalic.ttf */; };
		56D527052B65A883007D8BA7 /* Montserrat-Regular.ttf in Resources */ = {isa = PBXBuildFile; fileRef = 56D526E12B65A883007D8BA7 /* Montserrat-Regular.ttf */; };
		56D527062B65A883007D8BA7 /* Montserrat-Regular.ttf in Resources */ = {isa = PBXBuildFile; fileRef = 56D526E12B65A883007D8BA7 /* Montserrat-Regular.ttf */; };
		56D527072B65A883007D8BA7 /* Montserrat-Regular.ttf in Resources */ = {isa = PBXBuildFile; fileRef = 56D526E12B65A883007D8BA7 /* Montserrat-Regular.ttf */; };
		56D527082B65A883007D8BA7 /* Montserrat-Thin.ttf in Resources */ = {isa = PBXBuildFile; fileRef = 56D526E22B65A883007D8BA7 /* Montserrat-Thin.ttf */; };
		56D527092B65A883007D8BA7 /* Montserrat-Thin.ttf in Resources */ = {isa = PBXBuildFile; fileRef = 56D526E22B65A883007D8BA7 /* Montserrat-Thin.ttf */; };
		56D5270A2B65A883007D8BA7 /* Montserrat-Thin.ttf in Resources */ = {isa = PBXBuildFile; fileRef = 56D526E22B65A883007D8BA7 /* Montserrat-Thin.ttf */; };
		56D5270B2B65A883007D8BA7 /* Montserrat-LightItalic.ttf in Resources */ = {isa = PBXBuildFile; fileRef = 56D526E32B65A883007D8BA7 /* Montserrat-LightItalic.ttf */; };
		56D5270C2B65A883007D8BA7 /* Montserrat-LightItalic.ttf in Resources */ = {isa = PBXBuildFile; fileRef = 56D526E32B65A883007D8BA7 /* Montserrat-LightItalic.ttf */; };
		56D5270D2B65A883007D8BA7 /* Montserrat-LightItalic.ttf in Resources */ = {isa = PBXBuildFile; fileRef = 56D526E32B65A883007D8BA7 /* Montserrat-LightItalic.ttf */; };
		56D5270E2B65A883007D8BA7 /* Montserrat-Italic.ttf in Resources */ = {isa = PBXBuildFile; fileRef = 56D526E42B65A883007D8BA7 /* Montserrat-Italic.ttf */; };
		56D5270F2B65A883007D8BA7 /* Montserrat-Italic.ttf in Resources */ = {isa = PBXBuildFile; fileRef = 56D526E42B65A883007D8BA7 /* Montserrat-Italic.ttf */; };
		56D527102B65A883007D8BA7 /* Montserrat-Italic.ttf in Resources */ = {isa = PBXBuildFile; fileRef = 56D526E42B65A883007D8BA7 /* Montserrat-Italic.ttf */; };
		56D527112B65A883007D8BA7 /* Montserrat-Medium.ttf in Resources */ = {isa = PBXBuildFile; fileRef = 56D526E52B65A883007D8BA7 /* Montserrat-Medium.ttf */; };
		56D527122B65A883007D8BA7 /* Montserrat-Medium.ttf in Resources */ = {isa = PBXBuildFile; fileRef = 56D526E52B65A883007D8BA7 /* Montserrat-Medium.ttf */; };
		56D527132B65A883007D8BA7 /* Montserrat-Medium.ttf in Resources */ = {isa = PBXBuildFile; fileRef = 56D526E52B65A883007D8BA7 /* Montserrat-Medium.ttf */; };
		56D527142B65A883007D8BA7 /* Montserrat-Light.ttf in Resources */ = {isa = PBXBuildFile; fileRef = 56D526E62B65A883007D8BA7 /* Montserrat-Light.ttf */; };
		56D527152B65A883007D8BA7 /* Montserrat-Light.ttf in Resources */ = {isa = PBXBuildFile; fileRef = 56D526E62B65A883007D8BA7 /* Montserrat-Light.ttf */; };
		56D527162B65A883007D8BA7 /* Montserrat-Light.ttf in Resources */ = {isa = PBXBuildFile; fileRef = 56D526E62B65A883007D8BA7 /* Montserrat-Light.ttf */; };
		56D527172B65A883007D8BA7 /* Montserrat-Black.ttf in Resources */ = {isa = PBXBuildFile; fileRef = 56D526E72B65A883007D8BA7 /* Montserrat-Black.ttf */; };
		56D527182B65A883007D8BA7 /* Montserrat-Black.ttf in Resources */ = {isa = PBXBuildFile; fileRef = 56D526E72B65A883007D8BA7 /* Montserrat-Black.ttf */; };
		56D527192B65A883007D8BA7 /* Montserrat-Black.ttf in Resources */ = {isa = PBXBuildFile; fileRef = 56D526E72B65A883007D8BA7 /* Montserrat-Black.ttf */; };
		56D5271A2B65A883007D8BA7 /* Montserrat-MediumItalic.ttf in Resources */ = {isa = PBXBuildFile; fileRef = 56D526E82B65A883007D8BA7 /* Montserrat-MediumItalic.ttf */; };
		56D5271B2B65A883007D8BA7 /* Montserrat-MediumItalic.ttf in Resources */ = {isa = PBXBuildFile; fileRef = 56D526E82B65A883007D8BA7 /* Montserrat-MediumItalic.ttf */; };
		56D5271C2B65A883007D8BA7 /* Montserrat-MediumItalic.ttf in Resources */ = {isa = PBXBuildFile; fileRef = 56D526E82B65A883007D8BA7 /* Montserrat-MediumItalic.ttf */; };
		56D5271D2B65A883007D8BA7 /* Montserrat-ExtraLight.ttf in Resources */ = {isa = PBXBuildFile; fileRef = 56D526E92B65A883007D8BA7 /* Montserrat-ExtraLight.ttf */; };
		56D5271E2B65A883007D8BA7 /* Montserrat-ExtraLight.ttf in Resources */ = {isa = PBXBuildFile; fileRef = 56D526E92B65A883007D8BA7 /* Montserrat-ExtraLight.ttf */; };
		56D5271F2B65A883007D8BA7 /* Montserrat-ExtraLight.ttf in Resources */ = {isa = PBXBuildFile; fileRef = 56D526E92B65A883007D8BA7 /* Montserrat-ExtraLight.ttf */; };
		898B2024EF29B463237AC48B /* Pods_Will_you_be_my_valentines_Will_you_be_my_valentinesUITests.framework in Frameworks */ = {isa = PBXBuildFile; fileRef = 0D970180F1952E1299ADA3A4 /* Pods_Will_you_be_my_valentines_Will_you_be_my_valentinesUITests.framework */; };
		D2B8CD4E49C9F7F534174B70 /* Pods_Will_you_be_my_valentines.framework in Frameworks */ = {isa = PBXBuildFile; fileRef = F47C31B01E0820136CA0A5B8 /* Pods_Will_you_be_my_valentines.framework */; };
		F86D884577AE15D6FA12BF07 /* Pods_Will_you_be_my_valentinesTests.framework in Frameworks */ = {isa = PBXBuildFile; fileRef = B6C499B416F073CC2D25297B /* Pods_Will_you_be_my_valentinesTests.framework */; };
/* End PBXBuildFile section */

/* Begin PBXContainerItemProxy section */
		5618E0252B5FB5370033FD8D /* PBXContainerItemProxy */ = {
			isa = PBXContainerItemProxy;
			containerPortal = 5618E0062B5FB5310033FD8D /* Project object */;
			proxyType = 1;
			remoteGlobalIDString = 5618E00D2B5FB5310033FD8D;
			remoteInfo = "Will you be my girlfriend";
		};
		5618E02F2B5FB5370033FD8D /* PBXContainerItemProxy */ = {
			isa = PBXContainerItemProxy;
			containerPortal = 5618E0062B5FB5310033FD8D /* Project object */;
			proxyType = 1;
			remoteGlobalIDString = 5618E00D2B5FB5310033FD8D;
			remoteInfo = "Will you be my girlfriend";
		};
/* End PBXContainerItemProxy section */

/* Begin PBXFileReference section */
		07E9FC0E3AF8F608E52D0B03 /* Pods-Will you be my valentines-Will you be my valentinesUITests.debug.xcconfig */ = {isa = PBXFileReference; includeInIndex = 1; lastKnownFileType = text.xcconfig; name = "Pods-Will you be my valentines-Will you be my valentinesUITests.debug.xcconfig"; path = "Target Support Files/Pods-Will you be my valentines-Will you be my valentinesUITests/Pods-Will you be my valentines-Will you be my valentinesUITests.debug.xcconfig"; sourceTree = "<group>"; };
		0D970180F1952E1299ADA3A4 /* Pods_Will_you_be_my_valentines_Will_you_be_my_valentinesUITests.framework */ = {isa = PBXFileReference; explicitFileType = wrapper.framework; includeInIndex = 0; path = Pods_Will_you_be_my_valentines_Will_you_be_my_valentinesUITests.framework; sourceTree = BUILT_PRODUCTS_DIR; };
		3590097821D32F4C19C18B40 /* Pods-Will you be my valentines.debug.xcconfig */ = {isa = PBXFileReference; includeInIndex = 1; lastKnownFileType = text.xcconfig; name = "Pods-Will you be my valentines.debug.xcconfig"; path = "Target Support Files/Pods-Will you be my valentines/Pods-Will you be my valentines.debug.xcconfig"; sourceTree = "<group>"; };
		3B04566F4EA8393DE932A452 /* Pods-Will you be my valentines-Will you be my valentinesUITests.release.xcconfig */ = {isa = PBXFileReference; includeInIndex = 1; lastKnownFileType = text.xcconfig; name = "Pods-Will you be my valentines-Will you be my valentinesUITests.release.xcconfig"; path = "Target Support Files/Pods-Will you be my valentines-Will you be my valentinesUITests/Pods-Will you be my valentines-Will you be my valentinesUITests.release.xcconfig"; sourceTree = "<group>"; };
		5618E00E2B5FB5310033FD8D /* Will you be my valentines.app */ = {isa = PBXFileReference; explicitFileType = wrapper.application; includeInIndex = 0; path = "Will you be my valentines.app"; sourceTree = BUILT_PRODUCTS_DIR; };
		5618E0112B5FB5310033FD8D /* AppDelegate.swift */ = {isa = PBXFileReference; lastKnownFileType = sourcecode.swift; path = AppDelegate.swift; sourceTree = "<group>"; };
		5618E0132B5FB5310033FD8D /* SceneDelegate.swift */ = {isa = PBXFileReference; lastKnownFileType = sourcecode.swift; path = SceneDelegate.swift; sourceTree = "<group>"; };
		5618E0152B5FB5310033FD8D /* ViewController.swift */ = {isa = PBXFileReference; lastKnownFileType = sourcecode.swift; path = ViewController.swift; sourceTree = "<group>"; };
		5618E0182B5FB5310033FD8D /* Base */ = {isa = PBXFileReference; lastKnownFileType = file.storyboard; name = Base; path = Base.lproj/Main.storyboard; sourceTree = "<group>"; };
		5618E01A2B5FB5370033FD8D /* Assets.xcassets */ = {isa = PBXFileReference; lastKnownFileType = folder.assetcatalog; path = Assets.xcassets; sourceTree = "<group>"; };
		5618E01D2B5FB5370033FD8D /* Base */ = {isa = PBXFileReference; lastKnownFileType = file.storyboard; name = Base; path = Base.lproj/LaunchScreen.storyboard; sourceTree = "<group>"; };
		5618E01F2B5FB5370033FD8D /* Info.plist */ = {isa = PBXFileReference; lastKnownFileType = text.plist.xml; path = Info.plist; sourceTree = "<group>"; };
		5618E0242B5FB5370033FD8D /* Will you be my valentinesTests.xctest */ = {isa = PBXFileReference; explicitFileType = wrapper.cfbundle; includeInIndex = 0; path = "Will you be my valentinesTests.xctest"; sourceTree = BUILT_PRODUCTS_DIR; };
		5618E0282B5FB5370033FD8D /* Will_you_be_my_valentinesTests.swift */ = {isa = PBXFileReference; lastKnownFileType = sourcecode.swift; path = Will_you_be_my_valentinesTests.swift; sourceTree = "<group>"; };
		5618E02E2B5FB5370033FD8D /* Will you be my valentinesUITests.xctest */ = {isa = PBXFileReference; explicitFileType = wrapper.cfbundle; includeInIndex = 0; path = "Will you be my valentinesUITests.xctest"; sourceTree = BUILT_PRODUCTS_DIR; };
		5618E0322B5FB5370033FD8D /* Will_you_be_my_valentinesUITests.swift */ = {isa = PBXFileReference; lastKnownFileType = sourcecode.swift; path = Will_you_be_my_valentinesUITests.swift; sourceTree = "<group>"; };
		5618E0342B5FB5370033FD8D /* Will_you_be_my_valentinesUITestsLaunchTests.swift */ = {isa = PBXFileReference; lastKnownFileType = sourcecode.swift; path = Will_you_be_my_valentinesUITestsLaunchTests.swift; sourceTree = "<group>"; };
		5618E0412B5FB99B0033FD8D /* AppEnums.swift */ = {isa = PBXFileReference; lastKnownFileType = sourcecode.swift; path = AppEnums.swift; sourceTree = "<group>"; };
		5618E04A2B5FBD200033FD8D /* Inter-Bold.ttf */ = {isa = PBXFileReference; lastKnownFileType = file; path = "Inter-Bold.ttf"; sourceTree = "<group>"; };
		5618E04B2B5FBD200033FD8D /* Inter-ExtraBold.ttf */ = {isa = PBXFileReference; lastKnownFileType = file; path = "Inter-ExtraBold.ttf"; sourceTree = "<group>"; };
		5618E0522B5FBD270033FD8D /* Inter-SemiBold.ttf */ = {isa = PBXFileReference; lastKnownFileType = file; path = "Inter-SemiBold.ttf"; sourceTree = "<group>"; };
		5618E0532B5FBD270033FD8D /* Inter-Regular.ttf */ = {isa = PBXFileReference; lastKnownFileType = file; path = "Inter-Regular.ttf"; sourceTree = "<group>"; };
		5618E05A2B5FC0340033FD8D /* LeckerliOne-Regular.ttf */ = {isa = PBXFileReference; lastKnownFileType = file; path = "LeckerliOne-Regular.ttf"; sourceTree = "<group>"; };
		562DEAD12B6FB2610089BB86 /* GifLoader.swift */ = {isa = PBXFileReference; lastKnownFileType = sourcecode.swift; path = GifLoader.swift; sourceTree = "<group>"; };
		562DEAD32B6FB81F0089BB86 /* SecondViewController.swift */ = {isa = PBXFileReference; lastKnownFileType = sourcecode.swift; path = SecondViewController.swift; sourceTree = "<group>"; };
		562DEAE12B6FBA550089BB86 /* cute.gif */ = {isa = PBXFileReference; lastKnownFileType = image.gif; path = cute.gif; sourceTree = "<group>"; };
		562DEAE52B6FBB150089BB86 /* swing-grey-cat.gif */ = {isa = PBXFileReference; lastKnownFileType = image.gif; path = "swing-grey-cat.gif"; sourceTree = "<group>"; };
		562DEAE92B6FBCB90089BB86 /* 8cbb9b70ce1e8f18f721119a064c1c3b.gif */ = {isa = PBXFileReference; lastKnownFileType = image.gif; path = 8cbb9b70ce1e8f18f721119a064c1c3b.gif; sourceTree = "<group>"; };
		562DEAED2B6FBD6A0089BB86 /* 41e74b0f91b7cb7df6b73e34ae8528a4.gif */ = {isa = PBXFileReference; lastKnownFileType = image.gif; path = 41e74b0f91b7cb7df6b73e34ae8528a4.gif; sourceTree = "<group>"; };
		562DEAF12B6FCA860089BB86 /* Lana Del Rey - Say Yes To Heaven (Sped Up) (kazmuz.kz).mp3 */ = {isa = PBXFileReference; lastKnownFileType = audio.mp3; path = "Lana Del Rey - Say Yes To Heaven (Sped Up) (kazmuz.kz).mp3"; sourceTree = "<group>"; };
		562DEAF52B6FCD740089BB86 /* giphy-2021-gifs-and-clips-animation-itsnicethat-02.gif */ = {isa = PBXFileReference; lastKnownFileType = image.gif; path = "giphy-2021-gifs-and-clips-animation-itsnicethat-02.gif"; sourceTree = "<group>"; };
		568F97A62B5FDC46007CFF51 /* big-time-rush-boyfriend.mp3 */ = {isa = PBXFileReference; lastKnownFileType = audio.mp3; path = "big-time-rush-boyfriend.mp3"; sourceTree = "<group>"; };
		568F97A82B5FDEA3007CFF51 /* big-time-rush-snoop-dogg-boyfriend.mp3 */ = {isa = PBXFileReference; lastKnownFileType = audio.mp3; path = "big-time-rush-snoop-dogg-boyfriend.mp3"; sourceTree = "<group>"; };
		56D413DB2B6FAD4D002A182B /* giphy.gif */ = {isa = PBXFileReference; lastKnownFileType = image.gif; path = giphy.gif; sourceTree = "<group>"; };
		56D526D82B65A882007D8BA7 /* Montserrat-Bold.ttf */ = {isa = PBXFileReference; lastKnownFileType = file; path = "Montserrat-Bold.ttf"; sourceTree = "<group>"; };
		56D526D92B65A882007D8BA7 /* Montserrat-SemiBold.ttf */ = {isa = PBXFileReference; lastKnownFileType = file; path = "Montserrat-SemiBold.ttf"; sourceTree = "<group>"; };
		56D526DA2B65A882007D8BA7 /* Montserrat-SemiBoldItalic.ttf */ = {isa = PBXFileReference; lastKnownFileType = file; path = "Montserrat-SemiBoldItalic.ttf"; sourceTree = "<group>"; };
		56D526DB2B65A882007D8BA7 /* Montserrat-ThinItalic.ttf */ = {isa = PBXFileReference; lastKnownFileType = file; path = "Montserrat-ThinItalic.ttf"; sourceTree = "<group>"; };
		56D526DC2B65A882007D8BA7 /* Montserrat-ExtraBold.ttf */ = {isa = PBXFileReference; lastKnownFileType = file; path = "Montserrat-ExtraBold.ttf"; sourceTree = "<group>"; };
		56D526DD2B65A882007D8BA7 /* Montserrat-BlackItalic.ttf */ = {isa = PBXFileReference; lastKnownFileType = file; path = "Montserrat-BlackItalic.ttf"; sourceTree = "<group>"; };
		56D526DE2B65A882007D8BA7 /* Montserrat-BoldItalic.ttf */ = {isa = PBXFileReference; lastKnownFileType = file; path = "Montserrat-BoldItalic.ttf"; sourceTree = "<group>"; };
		56D526DF2B65A882007D8BA7 /* Montserrat-ExtraBoldItalic.ttf */ = {isa = PBXFileReference; lastKnownFileType = file; path = "Montserrat-ExtraBoldItalic.ttf"; sourceTree = "<group>"; };
		56D526E02B65A883007D8BA7 /* Montserrat-ExtraLightItalic.ttf */ = {isa = PBXFileReference; lastKnownFileType = file; path = "Montserrat-ExtraLightItalic.ttf"; sourceTree = "<group>"; };
		56D526E12B65A883007D8BA7 /* Montserrat-Regular.ttf */ = {isa = PBXFileReference; lastKnownFileType = file; path = "Montserrat-Regular.ttf"; sourceTree = "<group>"; };
		56D526E22B65A883007D8BA7 /* Montserrat-Thin.ttf */ = {isa = PBXFileReference; lastKnownFileType = file; path = "Montserrat-Thin.ttf"; sourceTree = "<group>"; };
		56D526E32B65A883007D8BA7 /* Montserrat-LightItalic.ttf */ = {isa = PBXFileReference; lastKnownFileType = file; path = "Montserrat-LightItalic.ttf"; sourceTree = "<group>"; };
		56D526E42B65A883007D8BA7 /* Montserrat-Italic.ttf */ = {isa = PBXFileReference; lastKnownFileType = file; path = "Montserrat-Italic.ttf"; sourceTree = "<group>"; };
		56D526E52B65A883007D8BA7 /* Montserrat-Medium.ttf */ = {isa = PBXFileReference; lastKnownFileType = file; path = "Montserrat-Medium.ttf"; sourceTree = "<group>"; };
		56D526E62B65A883007D8BA7 /* Montserrat-Light.ttf */ = {isa = PBXFileReference; lastKnownFileType = file; path = "Montserrat-Light.ttf"; sourceTree = "<group>"; };
		56D526E72B65A883007D8BA7 /* Montserrat-Black.ttf */ = {isa = PBXFileReference; lastKnownFileType = file; path = "Montserrat-Black.ttf"; sourceTree = "<group>"; };
		56D526E82B65A883007D8BA7 /* Montserrat-MediumItalic.ttf */ = {isa = PBXFileReference; lastKnownFileType = file; path = "Montserrat-MediumItalic.ttf"; sourceTree = "<group>"; };
		56D526E92B65A883007D8BA7 /* Montserrat-ExtraLight.ttf */ = {isa = PBXFileReference; lastKnownFileType = file; path = "Montserrat-ExtraLight.ttf"; sourceTree = "<group>"; };
		5E5484A92A230D115A6E9787 /* Pods-Will you be my valentinesTests.release.xcconfig */ = {isa = PBXFileReference; includeInIndex = 1; lastKnownFileType = text.xcconfig; name = "Pods-Will you be my valentinesTests.release.xcconfig"; path = "Target Support Files/Pods-Will you be my valentinesTests/Pods-Will you be my valentinesTests.release.xcconfig"; sourceTree = "<group>"; };
		7C0C3465F68AB0CC8E5F90BE /* Pods-Will you be my valentinesTests.debug.xcconfig */ = {isa = PBXFileReference; includeInIndex = 1; lastKnownFileType = text.xcconfig; name = "Pods-Will you be my valentinesTests.debug.xcconfig"; path = "Target Support Files/Pods-Will you be my valentinesTests/Pods-Will you be my valentinesTests.debug.xcconfig"; sourceTree = "<group>"; };
		9FE1CC762EC2D29D81F14BA2 /* Pods-Will you be my valentines.release.xcconfig */ = {isa = PBXFileReference; includeInIndex = 1; lastKnownFileType = text.xcconfig; name = "Pods-Will you be my valentines.release.xcconfig"; path = "Target Support Files/Pods-Will you be my valentines/Pods-Will you be my valentines.release.xcconfig"; sourceTree = "<group>"; };
		B6C499B416F073CC2D25297B /* Pods_Will_you_be_my_valentinesTests.framework */ = {isa = PBXFileReference; explicitFileType = wrapper.framework; includeInIndex = 0; path = Pods_Will_you_be_my_valentinesTests.framework; sourceTree = BUILT_PRODUCTS_DIR; };
		F47C31B01E0820136CA0A5B8 /* Pods_Will_you_be_my_valentines.framework */ = {isa = PBXFileReference; explicitFileType = wrapper.framework; includeInIndex = 0; path = Pods_Will_you_be_my_valentines.framework; sourceTree = BUILT_PRODUCTS_DIR; };
/* End PBXFileReference section */

/* Begin PBXFrameworksBuildPhase section */
		5618E00B2B5FB5310033FD8D /* Frameworks */ = {
			isa = PBXFrameworksBuildPhase;
			buildActionMask = 2147483647;
			files = (
				D2B8CD4E49C9F7F534174B70 /* Pods_Will_you_be_my_valentines.framework in Frameworks */,
			);
			runOnlyForDeploymentPostprocessing = 0;
		};
		5618E0212B5FB5370033FD8D /* Frameworks */ = {
			isa = PBXFrameworksBuildPhase;
			buildActionMask = 2147483647;
			files = (
				F86D884577AE15D6FA12BF07 /* Pods_Will_you_be_my_valentinesTests.framework in Frameworks */,
			);
			runOnlyForDeploymentPostprocessing = 0;
		};
		5618E02B2B5FB5370033FD8D /* Frameworks */ = {
			isa = PBXFrameworksBuildPhase;
			buildActionMask = 2147483647;
			files = (
				898B2024EF29B463237AC48B /* Pods_Will_you_be_my_valentines_Will_you_be_my_valentinesUITests.framework in Frameworks */,
			);
			runOnlyForDeploymentPostprocessing = 0;
		};
/* End PBXFrameworksBuildPhase section */

/* Begin PBXGroup section */
		5618E0052B5FB5310033FD8D = {
			isa = PBXGroup;
			children = (
				5618E0102B5FB5310033FD8D /* Will you be my valentines */,
				5618E0272B5FB5370033FD8D /* Will you be my valentinesTests */,
				5618E0312B5FB5370033FD8D /* Will you be my valentinesUITests */,
				5618E00F2B5FB5310033FD8D /* Products */,
				D8E693A9432707EFCEF5628A /* Pods */,
				E6E78B6DDDCB30B93A489819 /* Frameworks */,
			);
			sourceTree = "<group>";
		};
		5618E00F2B5FB5310033FD8D /* Products */ = {
			isa = PBXGroup;
			children = (
				5618E00E2B5FB5310033FD8D /* Will you be my valentines.app */,
				5618E0242B5FB5370033FD8D /* Will you be my valentinesTests.xctest */,
				5618E02E2B5FB5370033FD8D /* Will you be my valentinesUITests.xctest */,
			);
			name = Products;
			sourceTree = "<group>";
		};
		5618E0102B5FB5310033FD8D /* Will you be my valentines */ = {
			isa = PBXGroup;
			children = (
				56D413DA2B6FAD3D002A182B /* Gifs */,
				568F97A52B5FDC3D007CFF51 /* Songs */,
				5618E0432B5FBC550033FD8D /* Fonts */,
				5618E0472B5FBC6B0033FD8D /* AppFiles */,
				5618E0452B5FBC5E0033FD8D /* Views */,
				5618E0462B5FBC640033FD8D /* Controllers */,
				5618E01A2B5FB5370033FD8D /* Assets.xcassets */,
				5618E01F2B5FB5370033FD8D /* Info.plist */,
			);
			path = "Will you be my valentines";
			sourceTree = "<group>";
		};
		5618E0272B5FB5370033FD8D /* Will you be my valentinesTests */ = {
			isa = PBXGroup;
			children = (
				5618E0282B5FB5370033FD8D /* Will_you_be_my_valentinesTests.swift */,
			);
			path = "Will you be my valentinesTests";
			sourceTree = "<group>";
		};
		5618E0312B5FB5370033FD8D /* Will you be my valentinesUITests */ = {
			isa = PBXGroup;
			children = (
				5618E0322B5FB5370033FD8D /* Will_you_be_my_valentinesUITests.swift */,
				5618E0342B5FB5370033FD8D /* Will_you_be_my_valentinesUITestsLaunchTests.swift */,
			);
			path = "Will you be my valentinesUITests";
			sourceTree = "<group>";
		};
		5618E0432B5FBC550033FD8D /* Fonts */ = {
			isa = PBXGroup;
			children = (
				56D526D72B65A762007D8BA7 /* Montserrat */,
				56D526D52B65A743007D8BA7 /* Inter */,
				5618E05A2B5FC0340033FD8D /* LeckerliOne-Regular.ttf */,
			);
			path = Fonts;
			sourceTree = "<group>";
		};
		5618E0452B5FBC5E0033FD8D /* Views */ = {
			isa = PBXGroup;
			children = (
				5618E0492B5FBCE70033FD8D /* XIBs */,
				5618E0482B5FBCC60033FD8D /* Storyboards */,
			);
			path = Views;
			sourceTree = "<group>";
		};
		5618E0462B5FBC640033FD8D /* Controllers */ = {
			isa = PBXGroup;
			children = (
				5618E0152B5FB5310033FD8D /* ViewController.swift */,
				562DEAD32B6FB81F0089BB86 /* SecondViewController.swift */,
			);
			path = Controllers;
			sourceTree = "<group>";
		};
		5618E0472B5FBC6B0033FD8D /* AppFiles */ = {
			isa = PBXGroup;
			children = (
				5618E0132B5FB5310033FD8D /* SceneDelegate.swift */,
				5618E0112B5FB5310033FD8D /* AppDelegate.swift */,
				5618E0412B5FB99B0033FD8D /* AppEnums.swift */,
			);
			path = AppFiles;
			sourceTree = "<group>";
		};
		5618E0482B5FBCC60033FD8D /* Storyboards */ = {
			isa = PBXGroup;
			children = (
				5618E0172B5FB5310033FD8D /* Main.storyboard */,
				5618E01C2B5FB5370033FD8D /* LaunchScreen.storyboard */,
			);
			path = Storyboards;
			sourceTree = "<group>";
		};
		5618E0492B5FBCE70033FD8D /* XIBs */ = {
			isa = PBXGroup;
			children = (
			);
			path = XIBs;
			sourceTree = "<group>";
		};
		568F97A52B5FDC3D007CFF51 /* Songs */ = {
			isa = PBXGroup;
			children = (
				568F97A82B5FDEA3007CFF51 /* big-time-rush-snoop-dogg-boyfriend.mp3 */,
				568F97A62B5FDC46007CFF51 /* big-time-rush-boyfriend.mp3 */,
				562DEAF12B6FCA860089BB86 /* Lana Del Rey - Say Yes To Heaven (Sped Up) (kazmuz.kz).mp3 */,
			);
			path = Songs;
			sourceTree = "<group>";
		};
		56D413DA2B6FAD3D002A182B /* Gifs */ = {
			isa = PBXGroup;
			children = (
				56D413DB2B6FAD4D002A182B /* giphy.gif */,
				562DEAE52B6FBB150089BB86 /* swing-grey-cat.gif */,
				562DEAE12B6FBA550089BB86 /* cute.gif */,
				562DEAF52B6FCD740089BB86 /* giphy-2021-gifs-and-clips-animation-itsnicethat-02.gif */,
				562DEAED2B6FBD6A0089BB86 /* 41e74b0f91b7cb7df6b73e34ae8528a4.gif */,
				562DEAE92B6FBCB90089BB86 /* 8cbb9b70ce1e8f18f721119a064c1c3b.gif */,
				562DEAD12B6FB2610089BB86 /* GifLoader.swift */,
			);
			path = Gifs;
			sourceTree = "<group>";
		};
		56D526D52B65A743007D8BA7 /* Inter */ = {
			isa = PBXGroup;
			children = (
				5618E0532B5FBD270033FD8D /* Inter-Regular.ttf */,
				5618E0522B5FBD270033FD8D /* Inter-SemiBold.ttf */,
				5618E04A2B5FBD200033FD8D /* Inter-Bold.ttf */,
				5618E04B2B5FBD200033FD8D /* Inter-ExtraBold.ttf */,
			);
			path = Inter;
			sourceTree = "<group>";
		};
		56D526D72B65A762007D8BA7 /* Montserrat */ = {
			isa = PBXGroup;
			children = (
				56D526E72B65A883007D8BA7 /* Montserrat-Black.ttf */,
				56D526DD2B65A882007D8BA7 /* Montserrat-BlackItalic.ttf */,
				56D526D82B65A882007D8BA7 /* Montserrat-Bold.ttf */,
				56D526DE2B65A882007D8BA7 /* Montserrat-BoldItalic.ttf */,
				56D526DC2B65A882007D8BA7 /* Montserrat-ExtraBold.ttf */,
				56D526DF2B65A882007D8BA7 /* Montserrat-ExtraBoldItalic.ttf */,
				56D526E92B65A883007D8BA7 /* Montserrat-ExtraLight.ttf */,
				56D526E02B65A883007D8BA7 /* Montserrat-ExtraLightItalic.ttf */,
				56D526E42B65A883007D8BA7 /* Montserrat-Italic.ttf */,
				56D526E62B65A883007D8BA7 /* Montserrat-Light.ttf */,
				56D526E32B65A883007D8BA7 /* Montserrat-LightItalic.ttf */,
				56D526E52B65A883007D8BA7 /* Montserrat-Medium.ttf */,
				56D526E82B65A883007D8BA7 /* Montserrat-MediumItalic.ttf */,
				56D526E12B65A883007D8BA7 /* Montserrat-Regular.ttf */,
				56D526D92B65A882007D8BA7 /* Montserrat-SemiBold.ttf */,
				56D526DA2B65A882007D8BA7 /* Montserrat-SemiBoldItalic.ttf */,
				56D526E22B65A883007D8BA7 /* Montserrat-Thin.ttf */,
				56D526DB2B65A882007D8BA7 /* Montserrat-ThinItalic.ttf */,
			);
			path = Montserrat;
			sourceTree = "<group>";
		};
		D8E693A9432707EFCEF5628A /* Pods */ = {
			isa = PBXGroup;
			children = (
				3590097821D32F4C19C18B40 /* Pods-Will you be my valentines.debug.xcconfig */,
				9FE1CC762EC2D29D81F14BA2 /* Pods-Will you be my valentines.release.xcconfig */,
				07E9FC0E3AF8F608E52D0B03 /* Pods-Will you be my valentines-Will you be my valentinesUITests.debug.xcconfig */,
				3B04566F4EA8393DE932A452 /* Pods-Will you be my valentines-Will you be my valentinesUITests.release.xcconfig */,
				7C0C3465F68AB0CC8E5F90BE /* Pods-Will you be my valentinesTests.debug.xcconfig */,
				5E5484A92A230D115A6E9787 /* Pods-Will you be my valentinesTests.release.xcconfig */,
			);
			path = Pods;
			sourceTree = "<group>";
		};
		E6E78B6DDDCB30B93A489819 /* Frameworks */ = {
			isa = PBXGroup;
			children = (
				F47C31B01E0820136CA0A5B8 /* Pods_Will_you_be_my_valentines.framework */,
				0D970180F1952E1299ADA3A4 /* Pods_Will_you_be_my_valentines_Will_you_be_my_valentinesUITests.framework */,
				B6C499B416F073CC2D25297B /* Pods_Will_you_be_my_valentinesTests.framework */,
			);
			name = Frameworks;
			sourceTree = "<group>";
		};
/* End PBXGroup section */

/* Begin PBXNativeTarget section */
		5618E00D2B5FB5310033FD8D /* Will you be my valentines */ = {
			isa = PBXNativeTarget;
			buildConfigurationList = 5618E0382B5FB5370033FD8D /* Build configuration list for PBXNativeTarget "Will you be my valentines" */;
			buildPhases = (
				C6A7460DD617A329CD1EF7C3 /* [CP] Check Pods Manifest.lock */,
				5618E00A2B5FB5310033FD8D /* Sources */,
				5618E00B2B5FB5310033FD8D /* Frameworks */,
				5618E00C2B5FB5310033FD8D /* Resources */,
			);
			buildRules = (
			);
			dependencies = (
			);
			name = "Will you be my valentines";
			productName = "Will you be my girlfriend";
			productReference = 5618E00E2B5FB5310033FD8D /* Will you be my valentines.app */;
			productType = "com.apple.product-type.application";
		};
		5618E0232B5FB5370033FD8D /* Will you be my valentinesTests */ = {
			isa = PBXNativeTarget;
			buildConfigurationList = 5618E03B2B5FB5370033FD8D /* Build configuration list for PBXNativeTarget "Will you be my valentinesTests" */;
			buildPhases = (
				0735D022BB84DDE2A861A585 /* [CP] Check Pods Manifest.lock */,
				5618E0202B5FB5370033FD8D /* Sources */,
				5618E0212B5FB5370033FD8D /* Frameworks */,
				5618E0222B5FB5370033FD8D /* Resources */,
			);
			buildRules = (
			);
			dependencies = (
				5618E0262B5FB5370033FD8D /* PBXTargetDependency */,
			);
			name = "Will you be my valentinesTests";
			productName = "Will you be my girlfriendTests";
			productReference = 5618E0242B5FB5370033FD8D /* Will you be my valentinesTests.xctest */;
			productType = "com.apple.product-type.bundle.unit-test";
		};
		5618E02D2B5FB5370033FD8D /* Will you be my valentinesUITests */ = {
			isa = PBXNativeTarget;
			buildConfigurationList = 5618E03E2B5FB5370033FD8D /* Build configuration list for PBXNativeTarget "Will you be my valentinesUITests" */;
			buildPhases = (
				1097769B0A06BF1FE966AC56 /* [CP] Check Pods Manifest.lock */,
				5618E02A2B5FB5370033FD8D /* Sources */,
				5618E02B2B5FB5370033FD8D /* Frameworks */,
				5618E02C2B5FB5370033FD8D /* Resources */,
			);
			buildRules = (
			);
			dependencies = (
				5618E0302B5FB5370033FD8D /* PBXTargetDependency */,
			);
			name = "Will you be my valentinesUITests";
			productName = "Will you be my girlfriendUITests";
			productReference = 5618E02E2B5FB5370033FD8D /* Will you be my valentinesUITests.xctest */;
			productType = "com.apple.product-type.bundle.ui-testing";
		};
/* End PBXNativeTarget section */

/* Begin PBXProject section */
		5618E0062B5FB5310033FD8D /* Project object */ = {
			isa = PBXProject;
			attributes = {
				BuildIndependentTargetsInParallel = 1;
				LastSwiftUpdateCheck = 1500;
				LastUpgradeCheck = 1500;
				TargetAttributes = {
					5618E00D2B5FB5310033FD8D = {
						CreatedOnToolsVersion = 15.0.1;
					};
					5618E0232B5FB5370033FD8D = {
						CreatedOnToolsVersion = 15.0.1;
						TestTargetID = 5618E00D2B5FB5310033FD8D;
					};
					5618E02D2B5FB5370033FD8D = {
						CreatedOnToolsVersion = 15.0.1;
						TestTargetID = 5618E00D2B5FB5310033FD8D;
					};
				};
			};
			buildConfigurationList = 5618E0092B5FB5310033FD8D /* Build configuration list for PBXProject "Will you be my valentines" */;
			compatibilityVersion = "Xcode 14.0";
			developmentRegion = en;
			hasScannedForEncodings = 0;
			knownRegions = (
				en,
				Base,
			);
			mainGroup = 5618E0052B5FB5310033FD8D;
			productRefGroup = 5618E00F2B5FB5310033FD8D /* Products */;
			projectDirPath = "";
			projectRoot = "";
			targets = (
				5618E00D2B5FB5310033FD8D /* Will you be my valentines */,
				5618E0232B5FB5370033FD8D /* Will you be my valentinesTests */,
				5618E02D2B5FB5370033FD8D /* Will you be my valentinesUITests */,
			);
		};
/* End PBXProject section */

/* Begin PBXResourcesBuildPhase section */
		5618E00C2B5FB5310033FD8D /* Resources */ = {
			isa = PBXResourcesBuildPhase;
			buildActionMask = 2147483647;
			files = (
				562DEAF62B6FCD740089BB86 /* giphy-2021-gifs-and-clips-animation-itsnicethat-02.gif in Resources */,
				56D5270B2B65A883007D8BA7 /* Montserrat-LightItalic.ttf in Resources */,
				5618E0542B5FBD270033FD8D /* Inter-SemiBold.ttf in Resources */,
				5618E04F2B5FBD200033FD8D /* Inter-ExtraBold.ttf in Resources */,
				568F97A72B5FDC46007CFF51 /* big-time-rush-boyfriend.mp3 in Resources */,
				56D526FC2B65A883007D8BA7 /* Montserrat-BoldItalic.ttf in Resources */,
				5618E01E2B5FB5370033FD8D /* LaunchScreen.storyboard in Resources */,
				562DEAF22B6FCA860089BB86 /* Lana Del Rey - Say Yes To Heaven (Sped Up) (kazmuz.kz).mp3 in Resources */,
				568F97A92B5FDEA3007CFF51 /* big-time-rush-snoop-dogg-boyfriend.mp3 in Resources */,
				562DEAE22B6FBA550089BB86 /* cute.gif in Resources */,
				562DEAEE2B6FBD6A0089BB86 /* 41e74b0f91b7cb7df6b73e34ae8528a4.gif in Resources */,
				56D526F92B65A883007D8BA7 /* Montserrat-BlackItalic.ttf in Resources */,
				5618E01B2B5FB5370033FD8D /* Assets.xcassets in Resources */,
				56D527052B65A883007D8BA7 /* Montserrat-Regular.ttf in Resources */,
				56D526F02B65A883007D8BA7 /* Montserrat-SemiBoldItalic.ttf in Resources */,
				56D526FF2B65A883007D8BA7 /* Montserrat-ExtraBoldItalic.ttf in Resources */,
				56D526ED2B65A883007D8BA7 /* Montserrat-SemiBold.ttf in Resources */,
				562DEAE62B6FBB150089BB86 /* swing-grey-cat.gif in Resources */,
				56D526F32B65A883007D8BA7 /* Montserrat-ThinItalic.ttf in Resources */,
				562DEAEA2B6FBCB90089BB86 /* 8cbb9b70ce1e8f18f721119a064c1c3b.gif in Resources */,
				56D527082B65A883007D8BA7 /* Montserrat-Thin.ttf in Resources */,
				56D527142B65A883007D8BA7 /* Montserrat-Light.ttf in Resources */,
				56D413DC2B6FAD4D002A182B /* giphy.gif in Resources */,
				5618E04C2B5FBD200033FD8D /* Inter-Bold.ttf in Resources */,
				56D5271D2B65A883007D8BA7 /* Montserrat-ExtraLight.ttf in Resources */,
				56D527172B65A883007D8BA7 /* Montserrat-Black.ttf in Resources */,
				56D5270E2B65A883007D8BA7 /* Montserrat-Italic.ttf in Resources */,
				56D526F62B65A883007D8BA7 /* Montserrat-ExtraBold.ttf in Resources */,
				5618E0192B5FB5310033FD8D /* Main.storyboard in Resources */,
				56D527022B65A883007D8BA7 /* Montserrat-ExtraLightItalic.ttf in Resources */,
				56D5271A2B65A883007D8BA7 /* Montserrat-MediumItalic.ttf in Resources */,
				5618E0572B5FBD270033FD8D /* Inter-Regular.ttf in Resources */,
				56D526EA2B65A883007D8BA7 /* Montserrat-Bold.ttf in Resources */,
				56D527112B65A883007D8BA7 /* Montserrat-Medium.ttf in Resources */,
				5618E05B2B5FC0340033FD8D /* LeckerliOne-Regular.ttf in Resources */,
			);
			runOnlyForDeploymentPostprocessing = 0;
		};
		5618E0222B5FB5370033FD8D /* Resources */ = {
			isa = PBXResourcesBuildPhase;
			buildActionMask = 2147483647;
			files = (
				56D5271B2B65A883007D8BA7 /* Montserrat-MediumItalic.ttf in Resources */,
				56D527152B65A883007D8BA7 /* Montserrat-Light.ttf in Resources */,
				562DEAEF2B6FBD6A0089BB86 /* 41e74b0f91b7cb7df6b73e34ae8528a4.gif in Resources */,
				56D526FD2B65A883007D8BA7 /* Montserrat-BoldItalic.ttf in Resources */,
				5618E0552B5FBD270033FD8D /* Inter-SemiBold.ttf in Resources */,
				5618E05C2B5FC0340033FD8D /* LeckerliOne-Regular.ttf in Resources */,
				562DEAF32B6FCA860089BB86 /* Lana Del Rey - Say Yes To Heaven (Sped Up) (kazmuz.kz).mp3 in Resources */,
				562DEAE72B6FBB150089BB86 /* swing-grey-cat.gif in Resources */,
				56D527062B65A883007D8BA7 /* Montserrat-Regular.ttf in Resources */,
				56D526F12B65A883007D8BA7 /* Montserrat-SemiBoldItalic.ttf in Resources */,
				562DEAF72B6FCD740089BB86 /* giphy-2021-gifs-and-clips-animation-itsnicethat-02.gif in Resources */,
				562DEAE32B6FBA550089BB86 /* cute.gif in Resources */,
				56D526FA2B65A883007D8BA7 /* Montserrat-BlackItalic.ttf in Resources */,
				56D526EB2B65A883007D8BA7 /* Montserrat-Bold.ttf in Resources */,
				56D527182B65A883007D8BA7 /* Montserrat-Black.ttf in Resources */,
				56D526EE2B65A883007D8BA7 /* Montserrat-SemiBold.ttf in Resources */,
				56D526F72B65A883007D8BA7 /* Montserrat-ExtraBold.ttf in Resources */,
				56D527122B65A883007D8BA7 /* Montserrat-Medium.ttf in Resources */,
				56D526F42B65A883007D8BA7 /* Montserrat-ThinItalic.ttf in Resources */,
				5618E04D2B5FBD200033FD8D /* Inter-Bold.ttf in Resources */,
				56D5271E2B65A883007D8BA7 /* Montserrat-ExtraLight.ttf in Resources */,
				5618E0582B5FBD270033FD8D /* Inter-Regular.ttf in Resources */,
				5618E0502B5FBD200033FD8D /* Inter-ExtraBold.ttf in Resources */,
				56D5270C2B65A883007D8BA7 /* Montserrat-LightItalic.ttf in Resources */,
				56D527002B65A883007D8BA7 /* Montserrat-ExtraBoldItalic.ttf in Resources */,
				56D5270F2B65A883007D8BA7 /* Montserrat-Italic.ttf in Resources */,
				562DEAEB2B6FBCB90089BB86 /* 8cbb9b70ce1e8f18f721119a064c1c3b.gif in Resources */,
				56D527092B65A883007D8BA7 /* Montserrat-Thin.ttf in Resources */,
				56D413DD2B6FAD4D002A182B /* giphy.gif in Resources */,
				56D527032B65A883007D8BA7 /* Montserrat-ExtraLightItalic.ttf in Resources */,
			);
			runOnlyForDeploymentPostprocessing = 0;
		};
		5618E02C2B5FB5370033FD8D /* Resources */ = {
			isa = PBXResourcesBuildPhase;
			buildActionMask = 2147483647;
			files = (
				56D5271C2B65A883007D8BA7 /* Montserrat-MediumItalic.ttf in Resources */,
				56D527162B65A883007D8BA7 /* Montserrat-Light.ttf in Resources */,
				562DEAF02B6FBD6A0089BB86 /* 41e74b0f91b7cb7df6b73e34ae8528a4.gif in Resources */,
				56D526FE2B65A883007D8BA7 /* Montserrat-BoldItalic.ttf in Resources */,
				5618E0562B5FBD270033FD8D /* Inter-SemiBold.ttf in Resources */,
				5618E05D2B5FC0340033FD8D /* LeckerliOne-Regular.ttf in Resources */,
				562DEAF42B6FCA860089BB86 /* Lana Del Rey - Say Yes To Heaven (Sped Up) (kazmuz.kz).mp3 in Resources */,
				562DEAE82B6FBB150089BB86 /* swing-grey-cat.gif in Resources */,
				56D527072B65A883007D8BA7 /* Montserrat-Regular.ttf in Resources */,
				56D526F22B65A883007D8BA7 /* Montserrat-SemiBoldItalic.ttf in Resources */,
				562DEAF82B6FCD740089BB86 /* giphy-2021-gifs-and-clips-animation-itsnicethat-02.gif in Resources */,
				562DEAE42B6FBA550089BB86 /* cute.gif in Resources */,
				56D526FB2B65A883007D8BA7 /* Montserrat-BlackItalic.ttf in Resources */,
				56D526EC2B65A883007D8BA7 /* Montserrat-Bold.ttf in Resources */,
				56D527192B65A883007D8BA7 /* Montserrat-Black.ttf in Resources */,
				56D526EF2B65A883007D8BA7 /* Montserrat-SemiBold.ttf in Resources */,
				56D526F82B65A883007D8BA7 /* Montserrat-ExtraBold.ttf in Resources */,
				56D527132B65A883007D8BA7 /* Montserrat-Medium.ttf in Resources */,
				56D526F52B65A883007D8BA7 /* Montserrat-ThinItalic.ttf in Resources */,
				5618E04E2B5FBD200033FD8D /* Inter-Bold.ttf in Resources */,
				56D5271F2B65A883007D8BA7 /* Montserrat-ExtraLight.ttf in Resources */,
				5618E0592B5FBD270033FD8D /* Inter-Regular.ttf in Resources */,
				5618E0512B5FBD200033FD8D /* Inter-ExtraBold.ttf in Resources */,
				56D5270D2B65A883007D8BA7 /* Montserrat-LightItalic.ttf in Resources */,
				56D527012B65A883007D8BA7 /* Montserrat-ExtraBoldItalic.ttf in Resources */,
				56D527102B65A883007D8BA7 /* Montserrat-Italic.ttf in Resources */,
				562DEAEC2B6FBCB90089BB86 /* 8cbb9b70ce1e8f18f721119a064c1c3b.gif in Resources */,
				56D5270A2B65A883007D8BA7 /* Montserrat-Thin.ttf in Resources */,
				56D413DE2B6FAD4D002A182B /* giphy.gif in Resources */,
				56D527042B65A883007D8BA7 /* Montserrat-ExtraLightItalic.ttf in Resources */,
			);
			runOnlyForDeploymentPostprocessing = 0;
		};
/* End PBXResourcesBuildPhase section */

/* Begin PBXShellScriptBuildPhase section */
		0735D022BB84DDE2A861A585 /* [CP] Check Pods Manifest.lock */ = {
			isa = PBXShellScriptBuildPhase;
			buildActionMask = 2147483647;
			files = (
			);
			inputFileListPaths = (
			);
			inputPaths = (
				"${PODS_PODFILE_DIR_PATH}/Podfile.lock",
				"${PODS_ROOT}/Manifest.lock",
			);
			name = "[CP] Check Pods Manifest.lock";
			outputFileListPaths = (
			);
			outputPaths = (
				"$(DERIVED_FILE_DIR)/Pods-Will you be my valentinesTests-checkManifestLockResult.txt",
			);
			runOnlyForDeploymentPostprocessing = 0;
			shellPath = /bin/sh;
			shellScript = "diff \"${PODS_PODFILE_DIR_PATH}/Podfile.lock\" \"${PODS_ROOT}/Manifest.lock\" > /dev/null\nif [ $? != 0 ] ; then\n    # print error to STDERR\n    echo \"error: The sandbox is not in sync with the Podfile.lock. Run 'pod install' or update your CocoaPods installation.\" >&2\n    exit 1\nfi\n# This output is used by Xcode 'outputs' to avoid re-running this script phase.\necho \"SUCCESS\" > \"${SCRIPT_OUTPUT_FILE_0}\"\n";
			showEnvVarsInLog = 0;
		};
		1097769B0A06BF1FE966AC56 /* [CP] Check Pods Manifest.lock */ = {
			isa = PBXShellScriptBuildPhase;
			buildActionMask = 2147483647;
			files = (
			);
			inputFileListPaths = (
			);
			inputPaths = (
				"${PODS_PODFILE_DIR_PATH}/Podfile.lock",
				"${PODS_ROOT}/Manifest.lock",
			);
			name = "[CP] Check Pods Manifest.lock";
			outputFileListPaths = (
			);
			outputPaths = (
				"$(DERIVED_FILE_DIR)/Pods-Will you be my valentines-Will you be my valentinesUITests-checkManifestLockResult.txt",
			);
			runOnlyForDeploymentPostprocessing = 0;
			shellPath = /bin/sh;
			shellScript = "diff \"${PODS_PODFILE_DIR_PATH}/Podfile.lock\" \"${PODS_ROOT}/Manifest.lock\" > /dev/null\nif [ $? != 0 ] ; then\n    # print error to STDERR\n    echo \"error: The sandbox is not in sync with the Podfile.lock. Run 'pod install' or update your CocoaPods installation.\" >&2\n    exit 1\nfi\n# This output is used by Xcode 'outputs' to avoid re-running this script phase.\necho \"SUCCESS\" > \"${SCRIPT_OUTPUT_FILE_0}\"\n";
			showEnvVarsInLog = 0;
		};
		C6A7460DD617A329CD1EF7C3 /* [CP] Check Pods Manifest.lock */ = {
			isa = PBXShellScriptBuildPhase;
			buildActionMask = 2147483647;
			files = (
			);
			inputFileListPaths = (
			);
			inputPaths = (
				"${PODS_PODFILE_DIR_PATH}/Podfile.lock",
				"${PODS_ROOT}/Manifest.lock",
			);
			name = "[CP] Check Pods Manifest.lock";
			outputFileListPaths = (
			);
			outputPaths = (
				"$(DERIVED_FILE_DIR)/Pods-Will you be my valentines-checkManifestLockResult.txt",
			);
			runOnlyForDeploymentPostprocessing = 0;
			shellPath = /bin/sh;
			shellScript = "diff \"${PODS_PODFILE_DIR_PATH}/Podfile.lock\" \"${PODS_ROOT}/Manifest.lock\" > /dev/null\nif [ $? != 0 ] ; then\n    # print error to STDERR\n    echo \"error: The sandbox is not in sync with the Podfile.lock. Run 'pod install' or update your CocoaPods installation.\" >&2\n    exit 1\nfi\n# This output is used by Xcode 'outputs' to avoid re-running this script phase.\necho \"SUCCESS\" > \"${SCRIPT_OUTPUT_FILE_0}\"\n";
			showEnvVarsInLog = 0;
		};
/* End PBXShellScriptBuildPhase section */

/* Begin PBXSourcesBuildPhase section */
		5618E00A2B5FB5310033FD8D /* Sources */ = {
			isa = PBXSourcesBuildPhase;
			buildActionMask = 2147483647;
			files = (
				562DEAD42B6FB81F0089BB86 /* SecondViewController.swift in Sources */,
				5618E0162B5FB5310033FD8D /* ViewController.swift in Sources */,
				5618E0122B5FB5310033FD8D /* AppDelegate.swift in Sources */,
				562DEAD22B6FB2610089BB86 /* GifLoader.swift in Sources */,
				5618E0422B5FB99B0033FD8D /* AppEnums.swift in Sources */,
				5618E0142B5FB5310033FD8D /* SceneDelegate.swift in Sources */,
			);
			runOnlyForDeploymentPostprocessing = 0;
		};
		5618E0202B5FB5370033FD8D /* Sources */ = {
			isa = PBXSourcesBuildPhase;
			buildActionMask = 2147483647;
			files = (
				5618E0292B5FB5370033FD8D /* Will_you_be_my_valentinesTests.swift in Sources */,
			);
			runOnlyForDeploymentPostprocessing = 0;
		};
		5618E02A2B5FB5370033FD8D /* Sources */ = {
			isa = PBXSourcesBuildPhase;
			buildActionMask = 2147483647;
			files = (
				5618E0332B5FB5370033FD8D /* Will_you_be_my_valentinesUITests.swift in Sources */,
				5618E0352B5FB5370033FD8D /* Will_you_be_my_valentinesUITestsLaunchTests.swift in Sources */,
			);
			runOnlyForDeploymentPostprocessing = 0;
		};
/* End PBXSourcesBuildPhase section */

/* Begin PBXTargetDependency section */
		5618E0262B5FB5370033FD8D /* PBXTargetDependency */ = {
			isa = PBXTargetDependency;
			target = 5618E00D2B5FB5310033FD8D /* Will you be my valentines */;
			targetProxy = 5618E0252B5FB5370033FD8D /* PBXContainerItemProxy */;
		};
		5618E0302B5FB5370033FD8D /* PBXTargetDependency */ = {
			isa = PBXTargetDependency;
			target = 5618E00D2B5FB5310033FD8D /* Will you be my valentines */;
			targetProxy = 5618E02F2B5FB5370033FD8D /* PBXContainerItemProxy */;
		};
/* End PBXTargetDependency section */

/* Begin PBXVariantGroup section */
		5618E0172B5FB5310033FD8D /* Main.storyboard */ = {
			isa = PBXVariantGroup;
			children = (
				5618E0182B5FB5310033FD8D /* Base */,
			);
			name = Main.storyboard;
			sourceTree = "<group>";
		};
		5618E01C2B5FB5370033FD8D /* LaunchScreen.storyboard */ = {
			isa = PBXVariantGroup;
			children = (
				5618E01D2B5FB5370033FD8D /* Base */,
			);
			name = LaunchScreen.storyboard;
			sourceTree = "<group>";
		};
/* End PBXVariantGroup section */

/* Begin XCBuildConfiguration section */
		5618E0362B5FB5370033FD8D /* Debug */ = {
			isa = XCBuildConfiguration;
			buildSettings = {
				ALWAYS_SEARCH_USER_PATHS = NO;
				ASSETCATALOG_COMPILER_GENERATE_SWIFT_ASSET_SYMBOL_EXTENSIONS = YES;
				CLANG_ANALYZER_NONNULL = YES;
				CLANG_ANALYZER_NUMBER_OBJECT_CONVERSION = YES_AGGRESSIVE;
				CLANG_CXX_LANGUAGE_STANDARD = "gnu++20";
				CLANG_ENABLE_MODULES = YES;
				CLANG_ENABLE_OBJC_ARC = YES;
				CLANG_ENABLE_OBJC_WEAK = YES;
				CLANG_WARN_BLOCK_CAPTURE_AUTORELEASING = YES;
				CLANG_WARN_BOOL_CONVERSION = YES;
				CLANG_WARN_COMMA = YES;
				CLANG_WARN_CONSTANT_CONVERSION = YES;
				CLANG_WARN_DEPRECATED_OBJC_IMPLEMENTATIONS = YES;
				CLANG_WARN_DIRECT_OBJC_ISA_USAGE = YES_ERROR;
				CLANG_WARN_DOCUMENTATION_COMMENTS = YES;
				CLANG_WARN_EMPTY_BODY = YES;
				CLANG_WARN_ENUM_CONVERSION = YES;
				CLANG_WARN_INFINITE_RECURSION = YES;
				CLANG_WARN_INT_CONVERSION = YES;
				CLANG_WARN_NON_LITERAL_NULL_CONVERSION = YES;
				CLANG_WARN_OBJC_IMPLICIT_RETAIN_SELF = YES;
				CLANG_WARN_OBJC_LITERAL_CONVERSION = YES;
				CLANG_WARN_OBJC_ROOT_CLASS = YES_ERROR;
				CLANG_WARN_QUOTED_INCLUDE_IN_FRAMEWORK_HEADER = YES;
				CLANG_WARN_RANGE_LOOP_ANALYSIS = YES;
				CLANG_WARN_STRICT_PROTOTYPES = YES;
				CLANG_WARN_SUSPICIOUS_MOVE = YES;
				CLANG_WARN_UNGUARDED_AVAILABILITY = YES_AGGRESSIVE;
				CLANG_WARN_UNREACHABLE_CODE = YES;
				CLANG_WARN__DUPLICATE_METHOD_MATCH = YES;
				COPY_PHASE_STRIP = NO;
				DEBUG_INFORMATION_FORMAT = dwarf;
				ENABLE_STRICT_OBJC_MSGSEND = YES;
				ENABLE_TESTABILITY = YES;
				ENABLE_USER_SCRIPT_SANDBOXING = YES;
				GCC_C_LANGUAGE_STANDARD = gnu17;
				GCC_DYNAMIC_NO_PIC = NO;
				GCC_NO_COMMON_BLOCKS = YES;
				GCC_OPTIMIZATION_LEVEL = 0;
				GCC_PREPROCESSOR_DEFINITIONS = (
					"DEBUG=1",
					"$(inherited)",
				);
				GCC_WARN_64_TO_32_BIT_CONVERSION = YES;
				GCC_WARN_ABOUT_RETURN_TYPE = YES_ERROR;
				GCC_WARN_UNDECLARED_SELECTOR = YES;
				GCC_WARN_UNINITIALIZED_AUTOS = YES_AGGRESSIVE;
				GCC_WARN_UNUSED_FUNCTION = YES;
				GCC_WARN_UNUSED_VARIABLE = YES;
				IPHONEOS_DEPLOYMENT_TARGET = 17.0;
				LOCALIZATION_PREFERS_STRING_CATALOGS = YES;
				MTL_ENABLE_DEBUG_INFO = INCLUDE_SOURCE;
				MTL_FAST_MATH = YES;
				ONLY_ACTIVE_ARCH = YES;
				SDKROOT = iphoneos;
				SWIFT_ACTIVE_COMPILATION_CONDITIONS = "DEBUG $(inherited)";
				SWIFT_OPTIMIZATION_LEVEL = "-Onone";
			};
			name = Debug;
		};
		5618E0372B5FB5370033FD8D /* Release */ = {
			isa = XCBuildConfiguration;
			buildSettings = {
				ALWAYS_SEARCH_USER_PATHS = NO;
				ASSETCATALOG_COMPILER_GENERATE_SWIFT_ASSET_SYMBOL_EXTENSIONS = YES;
				CLANG_ANALYZER_NONNULL = YES;
				CLANG_ANALYZER_NUMBER_OBJECT_CONVERSION = YES_AGGRESSIVE;
				CLANG_CXX_LANGUAGE_STANDARD = "gnu++20";
				CLANG_ENABLE_MODULES = YES;
				CLANG_ENABLE_OBJC_ARC = YES;
				CLANG_ENABLE_OBJC_WEAK = YES;
				CLANG_WARN_BLOCK_CAPTURE_AUTORELEASING = YES;
				CLANG_WARN_BOOL_CONVERSION = YES;
				CLANG_WARN_COMMA = YES;
				CLANG_WARN_CONSTANT_CONVERSION = YES;
				CLANG_WARN_DEPRECATED_OBJC_IMPLEMENTATIONS = YES;
				CLANG_WARN_DIRECT_OBJC_ISA_USAGE = YES_ERROR;
				CLANG_WARN_DOCUMENTATION_COMMENTS = YES;
				CLANG_WARN_EMPTY_BODY = YES;
				CLANG_WARN_ENUM_CONVERSION = YES;
				CLANG_WARN_INFINITE_RECURSION = YES;
				CLANG_WARN_INT_CONVERSION = YES;
				CLANG_WARN_NON_LITERAL_NULL_CONVERSION = YES;
				CLANG_WARN_OBJC_IMPLICIT_RETAIN_SELF = YES;
				CLANG_WARN_OBJC_LITERAL_CONVERSION = YES;
				CLANG_WARN_OBJC_ROOT_CLASS = YES_ERROR;
				CLANG_WARN_QUOTED_INCLUDE_IN_FRAMEWORK_HEADER = YES;
				CLANG_WARN_RANGE_LOOP_ANALYSIS = YES;
				CLANG_WARN_STRICT_PROTOTYPES = YES;
				CLANG_WARN_SUSPICIOUS_MOVE = YES;
				CLANG_WARN_UNGUARDED_AVAILABILITY = YES_AGGRESSIVE;
				CLANG_WARN_UNREACHABLE_CODE = YES;
				CLANG_WARN__DUPLICATE_METHOD_MATCH = YES;
				COPY_PHASE_STRIP = NO;
				DEBUG_INFORMATION_FORMAT = "dwarf-with-dsym";
				ENABLE_NS_ASSERTIONS = NO;
				ENABLE_STRICT_OBJC_MSGSEND = YES;
				ENABLE_USER_SCRIPT_SANDBOXING = YES;
				GCC_C_LANGUAGE_STANDARD = gnu17;
				GCC_NO_COMMON_BLOCKS = YES;
				GCC_WARN_64_TO_32_BIT_CONVERSION = YES;
				GCC_WARN_ABOUT_RETURN_TYPE = YES_ERROR;
				GCC_WARN_UNDECLARED_SELECTOR = YES;
				GCC_WARN_UNINITIALIZED_AUTOS = YES_AGGRESSIVE;
				GCC_WARN_UNUSED_FUNCTION = YES;
				GCC_WARN_UNUSED_VARIABLE = YES;
				IPHONEOS_DEPLOYMENT_TARGET = 17.0;
				LOCALIZATION_PREFERS_STRING_CATALOGS = YES;
				MTL_ENABLE_DEBUG_INFO = NO;
				MTL_FAST_MATH = YES;
				SDKROOT = iphoneos;
				SWIFT_COMPILATION_MODE = wholemodule;
				VALIDATE_PRODUCT = YES;
			};
			name = Release;
		};
		5618E0392B5FB5370033FD8D /* Debug */ = {
			isa = XCBuildConfiguration;
			baseConfigurationReference = 3590097821D32F4C19C18B40 /* Pods-Will you be my valentines.debug.xcconfig */;
			buildSettings = {
				ASSETCATALOG_COMPILER_APPICON_NAME = AppIcon;
				ASSETCATALOG_COMPILER_GLOBAL_ACCENT_COLOR_NAME = AccentColor;
				CODE_SIGN_STYLE = Automatic;
				CURRENT_PROJECT_VERSION = 1;
				DEVELOPMENT_TEAM = D3C4YVDR4G;
				GENERATE_INFOPLIST_FILE = YES;
				INFOPLIST_FILE = "Will you be my valentines/Info.plist";
				INFOPLIST_KEY_CFBundleDisplayName = "Be my Valentines";
				INFOPLIST_KEY_UIApplicationSupportsIndirectInputEvents = YES;
				INFOPLIST_KEY_UILaunchStoryboardName = LaunchScreen;
				INFOPLIST_KEY_UIMainStoryboardFile = Main;
				INFOPLIST_KEY_UISupportedInterfaceOrientations = UIInterfaceOrientationPortrait;
				IPHONEOS_DEPLOYMENT_TARGET = 16.0;
				LD_RUNPATH_SEARCH_PATHS = (
					"$(inherited)",
					"@executable_path/Frameworks",
				);
				MARKETING_VERSION = 1.0;
				PRODUCT_BUNDLE_IDENTIFIER = "magzhanzhumaly.Will-you-be-my-valentines";
				PRODUCT_NAME = "$(TARGET_NAME)";
				SWIFT_EMIT_LOC_STRINGS = YES;
				SWIFT_VERSION = 5.0;
				TARGETED_DEVICE_FAMILY = "1,2";
			};
			name = Debug;
		};
		5618E03A2B5FB5370033FD8D /* Release */ = {
			isa = XCBuildConfiguration;
			baseConfigurationReference = 9FE1CC762EC2D29D81F14BA2 /* Pods-Will you be my valentines.release.xcconfig */;
			buildSettings = {
				ASSETCATALOG_COMPILER_APPICON_NAME = AppIcon;
				ASSETCATALOG_COMPILER_GLOBAL_ACCENT_COLOR_NAME = AccentColor;
				CODE_SIGN_STYLE = Automatic;
				CURRENT_PROJECT_VERSION = 1;
				DEVELOPMENT_TEAM = D3C4YVDR4G;
				GENERATE_INFOPLIST_FILE = YES;
				INFOPLIST_FILE = "Will you be my valentines/Info.plist";
				INFOPLIST_KEY_CFBundleDisplayName = "Be my Valentines";
				INFOPLIST_KEY_UIApplicationSupportsIndirectInputEvents = YES;
				INFOPLIST_KEY_UILaunchStoryboardName = LaunchScreen;
				INFOPLIST_KEY_UIMainStoryboardFile = Main;
				INFOPLIST_KEY_UISupportedInterfaceOrientations = UIInterfaceOrientationPortrait;
				IPHONEOS_DEPLOYMENT_TARGET = 16.0;
				LD_RUNPATH_SEARCH_PATHS = (
					"$(inherited)",
					"@executable_path/Frameworks",
				);
				MARKETING_VERSION = 1.0;
				PRODUCT_BUNDLE_IDENTIFIER = "magzhanzhumaly.Will-you-be-my-valentines";
				PRODUCT_NAME = "$(TARGET_NAME)";
				SWIFT_EMIT_LOC_STRINGS = YES;
				SWIFT_VERSION = 5.0;
				TARGETED_DEVICE_FAMILY = "1,2";
			};
			name = Release;
		};
		5618E03C2B5FB5370033FD8D /* Debug */ = {
			isa = XCBuildConfiguration;
			baseConfigurationReference = 7C0C3465F68AB0CC8E5F90BE /* Pods-Will you be my valentinesTests.debug.xcconfig */;
			buildSettings = {
				ALWAYS_EMBED_SWIFT_STANDARD_LIBRARIES = YES;
				BUNDLE_LOADER = "$(TEST_HOST)";
				CODE_SIGN_STYLE = Automatic;
				CURRENT_PROJECT_VERSION = 1;
				DEVELOPMENT_TEAM = D3C4YVDR4G;
				GENERATE_INFOPLIST_FILE = YES;
				IPHONEOS_DEPLOYMENT_TARGET = 17.0;
				MARKETING_VERSION = 1.0;
				PRODUCT_BUNDLE_IDENTIFIER = "magzhanzhumaly.Will-you-be-my-girlfriendTests";
				PRODUCT_NAME = "$(TARGET_NAME)";
				SWIFT_EMIT_LOC_STRINGS = NO;
				SWIFT_VERSION = 5.0;
				TARGETED_DEVICE_FAMILY = "1,2";
				TEST_HOST = "$(BUILT_PRODUCTS_DIR)/Will you be my valentines.app/$(BUNDLE_EXECUTABLE_FOLDER_PATH)/Will you be my valentines";
			};
			name = Debug;
		};
		5618E03D2B5FB5370033FD8D /* Release */ = {
			isa = XCBuildConfiguration;
			baseConfigurationReference = 5E5484A92A230D115A6E9787 /* Pods-Will you be my valentinesTests.release.xcconfig */;
			buildSettings = {
				ALWAYS_EMBED_SWIFT_STANDARD_LIBRARIES = YES;
				BUNDLE_LOADER = "$(TEST_HOST)";
				CODE_SIGN_STYLE = Automatic;
				CURRENT_PROJECT_VERSION = 1;
				DEVELOPMENT_TEAM = D3C4YVDR4G;
				GENERATE_INFOPLIST_FILE = YES;
				IPHONEOS_DEPLOYMENT_TARGET = 17.0;
				MARKETING_VERSION = 1.0;
				PRODUCT_BUNDLE_IDENTIFIER = "magzhanzhumaly.Will-you-be-my-girlfriendTests";
				PRODUCT_NAME = "$(TARGET_NAME)";
				SWIFT_EMIT_LOC_STRINGS = NO;
				SWIFT_VERSION = 5.0;
				TARGETED_DEVICE_FAMILY = "1,2";
				TEST_HOST = "$(BUILT_PRODUCTS_DIR)/Will you be my valentines.app/$(BUNDLE_EXECUTABLE_FOLDER_PATH)/Will you be my valentines";
			};
			name = Release;
		};
		5618E03F2B5FB5370033FD8D /* Debug */ = {
			isa = XCBuildConfiguration;
			baseConfigurationReference = 07E9FC0E3AF8F608E52D0B03 /* Pods-Will you be my valentines-Will you be my valentinesUITests.debug.xcconfig */;
			buildSettings = {
				ALWAYS_EMBED_SWIFT_STANDARD_LIBRARIES = YES;
				CODE_SIGN_STYLE = Automatic;
				CURRENT_PROJECT_VERSION = 1;
				DEVELOPMENT_TEAM = D3C4YVDR4G;
				GENERATE_INFOPLIST_FILE = YES;
				MARKETING_VERSION = 1.0;
				PRODUCT_BUNDLE_IDENTIFIER = "magzhanzhumaly.Will-you-be-my-girlfriendUITests";
				PRODUCT_NAME = "$(TARGET_NAME)";
				SWIFT_EMIT_LOC_STRINGS = NO;
				SWIFT_VERSION = 5.0;
				TARGETED_DEVICE_FAMILY = "1,2";
				TEST_TARGET_NAME = "Will you be my girlfriend";
			};
			name = Debug;
		};
		5618E0402B5FB5370033FD8D /* Release */ = {
			isa = XCBuildConfiguration;
			baseConfigurationReference = 3B04566F4EA8393DE932A452 /* Pods-Will you be my valentines-Will you be my valentinesUITests.release.xcconfig */;
			buildSettings = {
				ALWAYS_EMBED_SWIFT_STANDARD_LIBRARIES = YES;
				CODE_SIGN_STYLE = Automatic;
				CURRENT_PROJECT_VERSION = 1;
				DEVELOPMENT_TEAM = D3C4YVDR4G;
				GENERATE_INFOPLIST_FILE = YES;
				MARKETING_VERSION = 1.0;
				PRODUCT_BUNDLE_IDENTIFIER = "magzhanzhumaly.Will-you-be-my-girlfriendUITests";
				PRODUCT_NAME = "$(TARGET_NAME)";
				SWIFT_EMIT_LOC_STRINGS = NO;
				SWIFT_VERSION = 5.0;
				TARGETED_DEVICE_FAMILY = "1,2";
				TEST_TARGET_NAME = "Will you be my girlfriend";
			};
			name = Release;
		};
/* End XCBuildConfiguration section */

/* Begin XCConfigurationList section */
		5618E0092B5FB5310033FD8D /* Build configuration list for PBXProject "Will you be my valentines" */ = {
			isa = XCConfigurationList;
			buildConfigurations = (
				5618E0362B5FB5370033FD8D /* Debug */,
				5618E0372B5FB5370033FD8D /* Release */,
			);
			defaultConfigurationIsVisible = 0;
			defaultConfigurationName = Release;
		};
		5618E0382B5FB5370033FD8D /* Build configuration list for PBXNativeTarget "Will you be my valentines" */ = {
			isa = XCConfigurationList;
			buildConfigurations = (
				5618E0392B5FB5370033FD8D /* Debug */,
				5618E03A2B5FB5370033FD8D /* Release */,
			);
			defaultConfigurationIsVisible = 0;
			defaultConfigurationName = Release;
		};
		5618E03B2B5FB5370033FD8D /* Build configuration list for PBXNativeTarget "Will you be my valentinesTests" */ = {
			isa = XCConfigurationList;
			buildConfigurations = (
				5618E03C2B5FB5370033FD8D /* Debug */,
				5618E03D2B5FB5370033FD8D /* Release */,
			);
			defaultConfigurationIsVisible = 0;
			defaultConfigurationName = Release;
		};
		5618E03E2B5FB5370033FD8D /* Build configuration list for PBXNativeTarget "Will you be my valentinesUITests" */ = {
			isa = XCConfigurationList;
			buildConfigurations = (
				5618E03F2B5FB5370033FD8D /* Debug */,
				5618E0402B5FB5370033FD8D /* Release */,
			);
			defaultConfigurationIsVisible = 0;
			defaultConfigurationName = Release;
		};
/* End XCConfigurationList section */
	};
	rootObject = 5618E0062B5FB5310033FD8D /* Project object */;
}
